
Microsoft Visual Studio Solution File, Format Version 12.00
# Visual Studio Version 17
VisualStudioVersion = 17.2.32526.322
MinimumVisualStudioVersion = 10.0.40219.1
Project("{FAE04EC0-301F-11D3-BF4B-00C04F79EFBC}") = "Zavrsni.Android", "Zavrsni\Zavrsni.Android\Zavrsni.Android.csproj", "{713C5F3D-C7A2-4CA1-A441-7D938D6E0C7D}"
EndProject
Project("{FAE04EC0-301F-11D3-BF4B-00C04F79EFBC}") = "Zavrsni", "Zavrsni\Zavrsni\Zavrsni.csproj", "{FECED9F6-B667-4D91-BBDD-0BA72769A6BD}"
EndProject
Global
	GlobalSection(SolutionConfigurationPlatforms) = preSolution
		Debug|Any CPU = Debug|Any CPU
		Release|Any CPU = Release|Any CPU
	EndGlobalSection
	GlobalSection(ProjectConfigurationPlatforms) = postSolution
		{713C5F3D-C7A2-4CA1-A441-7D938D6E0C7D}.Debug|Any CPU.ActiveCfg = Debug|Any CPU
		{713C5F3D-C7A2-4CA1-A441-7D938D6E0C7D}.Debug|Any CPU.Build.0 = Debug|Any CPU
		{713C5F3D-C7A2-4CA1-A441-7D938D6E0C7D}.Debug|Any CPU.Deploy.0 = Debug|Any CPU
		{713C5F3D-C7A2-4CA1-A441-7D938D6E0C7D}.Release|Any CPU.ActiveCfg = Release|Any CPU
		{713C5F3D-C7A2-4CA1-A441-7D938D6E0C7D}.Release|Any CPU.Build.0 = Release|Any CPU
		{713C5F3D-C7A2-4CA1-A441-7D938D6E0C7D}.Release|Any CPU.Deploy.0 = Release|Any CPU
		{FECED9F6-B667-4D91-BBDD-0BA72769A6BD}.Debug|Any CPU.ActiveCfg = Debug|Any CPU
		{FECED9F6-B667-4D91-BBDD-0BA72769A6BD}.Debug|Any CPU.Build.0 = Debug|Any CPU
		{FECED9F6-B667-4D91-BBDD-0BA72769A6BD}.Debug|Any CPU.Deploy.0 = Debug|Any CPU
		{FECED9F6-B667-4D91-BBDD-0BA72769A6BD}.Release|Any CPU.ActiveCfg = Release|Any CPU
		{FECED9F6-B667-4D91-BBDD-0BA72769A6BD}.Release|Any CPU.Build.0 = Release|Any CPU
		{FECED9F6-B667-4D91-BBDD-0BA72769A6BD}.Release|Any CPU.Deploy.0 = Release|Any CPU
	EndGlobalSection
	GlobalSection(SolutionProperties) = preSolution
		HideSolutionNode = FALSE
	EndGlobalSection
	GlobalSection(ExtensibilityGlobals) = postSolution
		SolutionGuid = {267BCDC6-F61B-48BA-AEDD-A6E9A87F6CF6}
	EndGlobalSection
EndGlobal
